// !$*UTF8*$!
{
	archiveVersion = 1;
	classes = {
	};
	objectVersion = 56;
	objects = {

/* Begin PBXBuildFile section */
		E7240C2F2BE552C0008ADC94 /* MobileNetV2.mlmodel in Sources */ = {isa = PBXBuildFile; fileRef = E7240C2E2BE552C0008ADC94 /* MobileNetV2.mlmodel */; };
		E784C6292BE59FAD00BA38B9 /* YOLOv3TinyFP16.mlmodel in Sources */ = {isa = PBXBuildFile; fileRef = E784C6282BE59FAD00BA38B9 /* YOLOv3TinyFP16.mlmodel */; };
		E784C62B2BE6030600BA38B9 /* YOLOv3Tiny.mlmodel in Sources */ = {isa = PBXBuildFile; fileRef = E784C62A2BE6030600BA38B9 /* YOLOv3Tiny.mlmodel */; };
		E7D1B19F2BDD757F00276741 /* ArtSpeakv2App.swift in Sources */ = {isa = PBXBuildFile; fileRef = E7D1B19E2BDD757F00276741 /* ArtSpeakv2App.swift */; };
		E7D1B1A12BDD757F00276741 /* ContentView.swift in Sources */ = {isa = PBXBuildFile; fileRef = E7D1B1A02BDD757F00276741 /* ContentView.swift */; };
		E7D1B1A32BDD758200276741 /* Assets.xcassets in Resources */ = {isa = PBXBuildFile; fileRef = E7D1B1A22BDD758200276741 /* Assets.xcassets */; };
		E7D1B1A62BDD758200276741 /* Preview Assets.xcassets in Resources */ = {isa = PBXBuildFile; fileRef = E7D1B1A52BDD758200276741 /* Preview Assets.xcassets */; };
/* End PBXBuildFile section */

/* Begin PBXFileReference section */
		E7240C2E2BE552C0008ADC94 /* MobileNetV2.mlmodel */ = {isa = PBXFileReference; lastKnownFileType = file.mlmodel; name = MobileNetV2.mlmodel; path = ../../../Downloads/MobileNetV2.mlmodel; sourceTree = "<group>"; };
		E784C6282BE59FAD00BA38B9 /* YOLOv3TinyFP16.mlmodel */ = {isa = PBXFileReference; lastKnownFileType = file.mlmodel; name = YOLOv3TinyFP16.mlmodel; path = ../../../Downloads/YOLOv3TinyFP16.mlmodel; sourceTree = "<group>"; };
		E784C62A2BE6030600BA38B9 /* YOLOv3Tiny.mlmodel */ = {isa = PBXFileReference; lastKnownFileType = file.mlmodel; name = YOLOv3Tiny.mlmodel; path = ../../../Downloads/YOLOv3Tiny.mlmodel; sourceTree = "<group>"; };
		E78F077E2BDF63B800A53265 /* Info.plist */ = {isa = PBXFileReference; lastKnownFileType = text.plist; path = Info.plist; sourceTree = "<group>"; };
		E7D1B19B2BDD757F00276741 /* ArtSpeakv2.app */ = {isa = PBXFileReference; explicitFileType = wrapper.application; includeInIndex = 0; path = ArtSpeakv2.app; sourceTree = BUILT_PRODUCTS_DIR; };
		E7D1B19E2BDD757F00276741 /* ArtSpeakv2App.swift */ = {isa = PBXFileReference; lastKnownFileType = sourcecode.swift; path = ArtSpeakv2App.swift; sourceTree = "<group>"; };
		E7D1B1A02BDD757F00276741 /* ContentView.swift */ = {isa = PBXFileReference; lastKnownFileType = sourcecode.swift; path = ContentView.swift; sourceTree = "<group>"; };
		E7D1B1A22BDD758200276741 /* Assets.xcassets */ = {isa = PBXFileReference; lastKnownFileType = folder.assetcatalog; path = Assets.xcassets; sourceTree = "<group>"; };
		E7D1B1A52BDD758200276741 /* Preview Assets.xcassets */ = {isa = PBXFileReference; lastKnownFileType = folder.assetcatalog; path = "Preview Assets.xcassets"; sourceTree = "<group>"; };
/* End PBXFileReference section */

/* Begin PBXFrameworksBuildPhase section */
		E7D1B1982BDD757F00276741 /* Frameworks */ = {
			isa = PBXFrameworksBuildPhase;
			buildActionMask = 2147483647;
			files = (
			);
			runOnlyForDeploymentPostprocessing = 0;
		};
/* End PBXFrameworksBuildPhase section */

/* Begin PBXGroup section */
		E7D1B1922BDD757F00276741 = {
			isa = PBXGroup;
			children = (
				E7D1B19D2BDD757F00276741 /* ArtSpeakv2 */,
				E7D1B19C2BDD757F00276741 /* Products */,
			);
			sourceTree = "<group>";
		};
		E7D1B19C2BDD757F00276741 /* Products */ = {
			isa = PBXGroup;
			children = (
				E7D1B19B2BDD757F00276741 /* ArtSpeakv2.app */,
			);
			name = Products;
			sourceTree = "<group>";
		};
		E7D1B19D2BDD757F00276741 /* ArtSpeakv2 */ = {
			isa = PBXGroup;
			children = (
				E78F077E2BDF63B800A53265 /* Info.plist */,
				E7D1B19E2BDD757F00276741 /* ArtSpeakv2App.swift */,
				E7D1B1A02BDD757F00276741 /* ContentView.swift */,
				E784C62A2BE6030600BA38B9 /* YOLOv3Tiny.mlmodel */,
				E784C6282BE59FAD00BA38B9 /* YOLOv3TinyFP16.mlmodel */,
				E7240C2E2BE552C0008ADC94 /* MobileNetV2.mlmodel */,
				E7D1B1A22BDD758200276741 /* Assets.xcassets */,
				E7D1B1A42BDD758200276741 /* Preview Content */,
			);
			path = ArtSpeakv2;
			sourceTree = "<group>";
		};
		E7D1B1A42BDD758200276741 /* Preview Content */ = {
			isa = PBXGroup;
			children = (
				E7D1B1A52BDD758200276741 /* Preview Assets.xcassets */,
			);
			path = "Preview Content";
			sourceTree = "<group>";
		};
/* End PBXGroup section */

/* Begin PBXNativeTarget section */
		E7D1B19A2BDD757F00276741 /* ArtSpeakv2 */ = {
			isa = PBXNativeTarget;
			buildConfigurationList = E7D1B1A92BDD758200276741 /* Build configuration list for PBXNativeTarget "ArtSpeakv2" */;
			buildPhases = (
				E7D1B1972BDD757F00276741 /* Sources */,
				E7D1B1982BDD757F00276741 /* Frameworks */,
				E7D1B1992BDD757F00276741 /* Resources */,
			);
			buildRules = (
			);
			dependencies = (
			);
			name = ArtSpeakv2;
			productName = ArtSpeakv2;
			productReference = E7D1B19B2BDD757F00276741 /* ArtSpeakv2.app */;
			productType = "com.apple.product-type.application";
		};
/* End PBXNativeTarget section */

/* Begin PBXProject section */
		E7D1B1932BDD757F00276741 /* Project object */ = {
			isa = PBXProject;
			attributes = {
				BuildIndependentTargetsInParallel = 1;
				LastSwiftUpdateCheck = 1530;
				LastUpgradeCheck = 1530;
				TargetAttributes = {
					E7D1B19A2BDD757F00276741 = {
						CreatedOnToolsVersion = 15.3;
					};
				};
			};
			buildConfigurationList = E7D1B1962BDD757F00276741 /* Build configuration list for PBXProject "ArtSpeakv2" */;
			compatibilityVersion = "Xcode 14.0";
			developmentRegion = en;
			hasScannedForEncodings = 0;
			knownRegions = (
				en,
				Base,
			);
			mainGroup = E7D1B1922BDD757F00276741;
			productRefGroup = E7D1B19C2BDD757F00276741 /* Products */;
			projectDirPath = "";
			projectRoot = "";
			targets = (
				E7D1B19A2BDD757F00276741 /* ArtSpeakv2 */,
			);
		};
/* End PBXProject section */

/* Begin PBXResourcesBuildPhase section */
		E7D1B1992BDD757F00276741 /* Resources */ = {
			isa = PBXResourcesBuildPhase;
			buildActionMask = 2147483647;
			files = (
				E7D1B1A62BDD758200276741 /* Preview Assets.xcassets in Resources */,
				E7D1B1A32BDD758200276741 /* Assets.xcassets in Resources */,
			);
			runOnlyForDeploymentPostprocessing = 0;
		};
/* End PBXResourcesBuildPhase section */

/* Begin PBXSourcesBuildPhase section */
		E7D1B1972BDD757F00276741 /* Sources */ = {
			isa = PBXSourcesBuildPhase;
			buildActionMask = 2147483647;
			files = (
				E7240C2F2BE552C0008ADC94 /* MobileNetV2.mlmodel in Sources */,
				E7D1B1A12BDD757F00276741 /* ContentView.swift in Sources */,
				E784C62B2BE6030600BA38B9 /* YOLOv3Tiny.mlmodel in Sources */,
				E7D1B19F2BDD757F00276741 /* ArtSpeakv2App.swift in Sources */,
				E784C6292BE59FAD00BA38B9 /* YOLOv3TinyFP16.mlmodel in Sources */,
			);
			runOnlyForDeploymentPostprocessing = 0;
		};
/* End PBXSourcesBuildPhase section */

/* Begin XCBuildConfiguration section */
		E7D1B1A72BDD758200276741 /* Debug */ = {
			isa = XCBuildConfiguration;
			buildSettings = {
				ALWAYS_SEARCH_USER_PATHS = NO;
				ASSETCATALOG_COMPILER_GENERATE_SWIFT_ASSET_SYMBOL_EXTENSIONS = YES;
				CLANG_ANALYZER_NONNULL = YES;
				CLANG_ANALYZER_NUMBER_OBJECT_CONVERSION = YES_AGGRESSIVE;
				CLANG_CXX_LANGUAGE_STANDARD = "gnu++20";
				CLANG_ENABLE_MODULES = YES;
				CLANG_ENABLE_OBJC_ARC = YES;
				CLANG_ENABLE_OBJC_WEAK = YES;
				CLANG_WARN_BLOCK_CAPTURE_AUTORELEASING = YES;
				CLANG_WARN_BOOL_CONVERSION = YES;
				CLANG_WARN_COMMA = YES;
				CLANG_WARN_CONSTANT_CONVERSION = YES;
				CLANG_WARN_DEPRECATED_OBJC_IMPLEMENTATIONS = YES;
				CLANG_WARN_DIRECT_OBJC_ISA_USAGE = YES_ERROR;
				CLANG_WARN_DOCUMENTATION_COMMENTS = YES;
				CLANG_WARN_EMPTY_BODY = YES;
				CLANG_WARN_ENUM_CONVERSION = YES;
				CLANG_WARN_INFINITE_RECURSION = YES;
				CLANG_WARN_INT_CONVERSION = YES;
				CLANG_WARN_NON_LITERAL_NULL_CONVERSION = YES;
				CLANG_WARN_OBJC_IMPLICIT_RETAIN_SELF = YES;
				CLANG_WARN_OBJC_LITERAL_CONVERSION = YES;
				CLANG_WARN_OBJC_ROOT_CLASS = YES_ERROR;
				CLANG_WARN_QUOTED_INCLUDE_IN_FRAMEWORK_HEADER = YES;
				CLANG_WARN_RANGE_LOOP_ANALYSIS = YES;
				CLANG_WARN_STRICT_PROTOTYPES = YES;
				CLANG_WARN_SUSPICIOUS_MOVE = YES;
				CLANG_WARN_UNGUARDED_AVAILABILITY = YES_AGGRESSIVE;
				CLANG_WARN_UNREACHABLE_CODE = YES;
				CLANG_WARN__DUPLICATE_METHOD_MATCH = YES;
				COPY_PHASE_STRIP = NO;
				DEBUG_INFORMATION_FORMAT = dwarf;
				ENABLE_STRICT_OBJC_MSGSEND = YES;
				ENABLE_TESTABILITY = YES;
				ENABLE_USER_SCRIPT_SANDBOXING = YES;
				GCC_C_LANGUAGE_STANDARD = gnu17;
				GCC_DYNAMIC_NO_PIC = NO;
				GCC_NO_COMMON_BLOCKS = YES;
				GCC_OPTIMIZATION_LEVEL = 0;
				GCC_PREPROCESSOR_DEFINITIONS = (
					"DEBUG=1",
					"$(inherited)",
				);
				GCC_WARN_64_TO_32_BIT_CONVERSION = YES;
				GCC_WARN_ABOUT_RETURN_TYPE = YES_ERROR;
				GCC_WARN_UNDECLARED_SELECTOR = YES;
				GCC_WARN_UNINITIALIZED_AUTOS = YES_AGGRESSIVE;
				GCC_WARN_UNUSED_FUNCTION = YES;
				GCC_WARN_UNUSED_VARIABLE = YES;
				IPHONEOS_DEPLOYMENT_TARGET = 17.4;
				LOCALIZATION_PREFERS_STRING_CATALOGS = YES;
				MTL_ENABLE_DEBUG_INFO = INCLUDE_SOURCE;
				MTL_FAST_MATH = YES;
				ONLY_ACTIVE_ARCH = YES;
				SDKROOT = iphoneos;
				SWIFT_ACTIVE_COMPILATION_CONDITIONS = "DEBUG $(inherited)";
				SWIFT_OPTIMIZATION_LEVEL = "-Onone";
			};
			name = Debug;
		};
		E7D1B1A82BDD758200276741 /* Release */ = {
			isa = XCBuildConfiguration;
			buildSettings = {
				ALWAYS_SEARCH_USER_PATHS = NO;
				ASSETCATALOG_COMPILER_GENERATE_SWIFT_ASSET_SYMBOL_EXTENSIONS = YES;
				CLANG_ANALYZER_NONNULL = YES;
				CLANG_ANALYZER_NUMBER_OBJECT_CONVERSION = YES_AGGRESSIVE;
				CLANG_CXX_LANGUAGE_STANDARD = "gnu++20";
				CLANG_ENABLE_MODULES = YES;
				CLANG_ENABLE_OBJC_ARC = YES;
				CLANG_ENABLE_OBJC_WEAK = YES;
				CLANG_WARN_BLOCK_CAPTURE_AUTORELEASING = YES;
				CLANG_WARN_BOOL_CONVERSION = YES;
				CLANG_WARN_COMMA = YES;
				CLANG_WARN_CONSTANT_CONVERSION = YES;
				CLANG_WARN_DEPRECATED_OBJC_IMPLEMENTATIONS = YES;
				CLANG_WARN_DIRECT_OBJC_ISA_USAGE = YES_ERROR;
				CLANG_WARN_DOCUMENTATION_COMMENTS = YES;
				CLANG_WARN_EMPTY_BODY = YES;
				CLANG_WARN_ENUM_CONVERSION = YES;
				CLANG_WARN_INFINITE_RECURSION = YES;
				CLANG_WARN_INT_CONVERSION = YES;
				CLANG_WARN_NON_LITERAL_NULL_CONVERSION = YES;
				CLANG_WARN_OBJC_IMPLICIT_RETAIN_SELF = YES;
				CLANG_WARN_OBJC_LITERAL_CONVERSION = YES;
				CLANG_WARN_OBJC_ROOT_CLASS = YES_ERROR;
				CLANG_WARN_QUOTED_INCLUDE_IN_FRAMEWORK_HEADER = YES;
				CLANG_WARN_RANGE_LOOP_ANALYSIS = YES;
				CLANG_WARN_STRICT_PROTOTYPES = YES;
				CLANG_WARN_SUSPICIOUS_MOVE = YES;
				CLANG_WARN_UNGUARDED_AVAILABILITY = YES_AGGRESSIVE;
				CLANG_WARN_UNREACHABLE_CODE = YES;
				CLANG_WARN__DUPLICATE_METHOD_MATCH = YES;
				COPY_PHASE_STRIP = NO;
				DEBUG_INFORMATION_FORMAT = "dwarf-with-dsym";
				ENABLE_NS_ASSERTIONS = NO;
				ENABLE_STRICT_OBJC_MSGSEND = YES;
				ENABLE_USER_SCRIPT_SANDBOXING = YES;
				GCC_C_LANGUAGE_STANDARD = gnu17;
				GCC_NO_COMMON_BLOCKS = YES;
				GCC_WARN_64_TO_32_BIT_CONVERSION = YES;
				GCC_WARN_ABOUT_RETURN_TYPE = YES_ERROR;
				GCC_WARN_UNDECLARED_SELECTOR = YES;
				GCC_WARN_UNINITIALIZED_AUTOS = YES_AGGRESSIVE;
				GCC_WARN_UNUSED_FUNCTION = YES;
				GCC_WARN_UNUSED_VARIABLE = YES;
				IPHONEOS_DEPLOYMENT_TARGET = 17.4;
				LOCALIZATION_PREFERS_STRING_CATALOGS = YES;
				MTL_ENABLE_DEBUG_INFO = NO;
				MTL_FAST_MATH = YES;
				SDKROOT = iphoneos;
				SWIFT_COMPILATION_MODE = wholemodule;
				VALIDATE_PRODUCT = YES;
			};
			name = Release;
		};
		E7D1B1AA2BDD758200276741 /* Debug */ = {
			isa = XCBuildConfiguration;
			buildSettings = {
				ASSETCATALOG_COMPILER_APPICON_NAME = AppIcon;
				ASSETCATALOG_COMPILER_GLOBAL_ACCENT_COLOR_NAME = AccentColor;
				CODE_SIGN_STYLE = Automatic;
				CURRENT_PROJECT_VERSION = 1;
				DEVELOPMENT_ASSET_PATHS = "\"ArtSpeakv2/Preview Content\"";
				DEVELOPMENT_TEAM = B8M53MM9TJ;
				ENABLE_PREVIEWS = YES;
				GENERATE_INFOPLIST_FILE = YES;
				INFOPLIST_FILE = ArtSpeakv2/Info.plist;
				INFOPLIST_KEY_NSCameraUsageDescription = "\"need to access camera\"";
				INFOPLIST_KEY_NSSiriUsageDescription = "\"use Siri?\"";
				INFOPLIST_KEY_UIApplicationSceneManifest_Generation = YES;
				INFOPLIST_KEY_UIApplicationSupportsIndirectInputEvents = YES;
				INFOPLIST_KEY_UILaunchScreen_Generation = YES;
				INFOPLIST_KEY_UISupportedInterfaceOrientations_iPad = "UIInterfaceOrientationPortrait UIInterfaceOrientationPortraitUpsideDown UIInterfaceOrientationLandscapeLeft UIInterfaceOrientationLandscapeRight";
				INFOPLIST_KEY_UISupportedInterfaceOrientations_iPhone = "UIInterfaceOrientationPortrait UIInterfaceOrientationLandscapeLeft UIInterfaceOrientationLandscapeRight";
				LD_RUNPATH_SEARCH_PATHS = (
					"$(inherited)",
					"@executable_path/Frameworks",
				);
				MARKETING_VERSION = 1.0;
				PRODUCT_BUNDLE_IDENTIFIER = com.art6940.ArtSpeakv2;
				PRODUCT_NAME = "$(TARGET_NAME)";
				SWIFT_EMIT_LOC_STRINGS = YES;
				SWIFT_VERSION = 5.0;
				TARGETED_DEVICE_FAMILY = "1,2";
			};
			name = Debug;
		};
		E7D1B1AB2BDD758200276741 /* Release */ = {
			isa = XCBuildConfiguration;
			buildSettings = {
				ASSETCATALOG_COMPILER_APPICON_NAME = AppIcon;
				ASSETCATALOG_COMPILER_GLOBAL_ACCENT_COLOR_NAME = AccentColor;
				CODE_SIGN_STYLE = Automatic;
				CURRENT_PROJECT_VERSION = 1;
				DEVELOPMENT_ASSET_PATHS = "\"ArtSpeakv2/Preview Content\"";
				DEVELOPMENT_TEAM = B8M53MM9TJ;
				ENABLE_PREVIEWS = YES;
				GENERATE_INFOPLIST_FILE = YES;
				INFOPLIST_FILE = ArtSpeakv2/Info.plist;
				INFOPLIST_KEY_NSCameraUsageDescription = "\"need to access camera\"";
				INFOPLIST_KEY_NSSiriUsageDescription = "\"use Siri?\"";
				INFOPLIST_KEY_UIApplicationSceneManifest_Generation = YES;
				INFOPLIST_KEY_UIApplicationSupportsIndirectInputEvents = YES;
				INFOPLIST_KEY_UILaunchScreen_Generation = YES;
				INFOPLIST_KEY_UISupportedInterfaceOrientations_iPad = "UIInterfaceOrientationPortrait UIInterfaceOrientationPortraitUpsideDown UIInterfaceOrientationLandscapeLeft UIInterfaceOrientationLandscapeRight";
				INFOPLIST_KEY_UISupportedInterfaceOrientations_iPhone = "UIInterfaceOrientationPortrait UIInterfaceOrientationLandscapeLeft UIInterfaceOrientationLandscapeRight";
				LD_RUNPATH_SEARCH_PATHS = (
					"$(inherited)",
					"@executable_path/Frameworks",
				);
				MARKETING_VERSION = 1.0;
				PRODUCT_BUNDLE_IDENTIFIER = com.art6940.ArtSpeakv2;
				PRODUCT_NAME = "$(TARGET_NAME)";
				SWIFT_EMIT_LOC_STRINGS = YES;
				SWIFT_VERSION = 5.0;
				TARGETED_DEVICE_FAMILY = "1,2";
			};
			name = Release;
		};
/* End XCBuildConfiguration section */

/* Begin XCConfigurationList section */
		E7D1B1962BDD757F00276741 /* Build configuration list for PBXProject "ArtSpeakv2" */ = {
			isa = XCConfigurationList;
			buildConfigurations = (
				E7D1B1A72BDD758200276741 /* Debug */,
				E7D1B1A82BDD758200276741 /* Release */,
			);
			defaultConfigurationIsVisible = 0;
			defaultConfigurationName = Release;
		};
		E7D1B1A92BDD758200276741 /* Build configuration list for PBXNativeTarget "ArtSpeakv2" */ = {
			isa = XCConfigurationList;
			buildConfigurations = (
				E7D1B1AA2BDD758200276741 /* Debug */,
				E7D1B1AB2BDD758200276741 /* Release */,
			);
			defaultConfigurationIsVisible = 0;
			defaultConfigurationName = Release;
		};
/* End XCConfigurationList section */
	};
	rootObject = E7D1B1932BDD757F00276741 /* Project object */;
}
